
Microsoft Visual Studio Solution File, Format Version 12.00
# Visual Studio Version 17
VisualStudioVersion = 17.1.32328.378
MinimumVisualStudioVersion = 10.0.40219.1
Project("{FAE04EC0-301F-11D3-BF4B-00C04F79EFBC}") = "Currency-Converter", "Currency-Converter\Currency-Converter.csproj", "{FFB21AA1-0E6E-4ED9-AE0A-FC072BC0B445}"
EndProject
Global
	GlobalSection(SolutionConfigurationPlatforms) = preSolution
		Debug|Any CPU = Debug|Any CPU
		Release|Any CPU = Release|Any CPU
	EndGlobalSection
	GlobalSection(ProjectConfigurationPlatforms) = postSolution
		{FFB21AA1-0E6E-4ED9-AE0A-FC072BC0B445}.Debug|Any CPU.ActiveCfg = Debug|Any CPU
		{FFB21AA1-0E6E-4ED9-AE0A-FC072BC0B445}.Debug|Any CPU.Build.0 = Debug|Any CPU
		{FFB21AA1-0E6E-4ED9-AE0A-FC072BC0B445}.Release|Any CPU.ActiveCfg = Release|Any CPU
		{FFB21AA1-0E6E-4ED9-AE0A-FC072BC0B445}.Release|Any CPU.Build.0 = Release|Any CPU
	EndGlobalSection
	GlobalSection(SolutionProperties) = preSolution
		HideSolutionNode = FALSE
	EndGlobalSection
	GlobalSection(ExtensibilityGlobals) = postSolution
		SolutionGuid = {01A75D84-E1A2-4FC4-BF0F-BA7491A1261F}
	EndGlobalSection
EndGlobal
